[[package]]
category = "main"
description = "Better dates & times for Python"
name = "arrow"
optional = false
python-versions = ">=2.7, !=3.0.*, !=3.1.*, !=3.2.*, !=3.3.*, !=3.4.*"
version = "0.14.5"

[package.dependencies]
python-dateutil = "*"

[[package]]
category = "dev"
description = "Atomic file writes."
name = "atomicwrites"
optional = false
python-versions = ">=2.7, !=3.0.*, !=3.1.*, !=3.2.*, !=3.3.*"
version = "1.3.0"

[[package]]
category = "dev"
description = "Classes Without Boilerplate"
name = "attrs"
optional = false
python-versions = ">=2.7, !=3.0.*, !=3.1.*, !=3.2.*, !=3.3.*"
version = "19.1.0"

[[package]]
category = "main"
description = "Ultra-lightweight pure Python package to check if a file is binary or text."
name = "binaryornot"
optional = false
python-versions = "*"
version = "0.4.4"

[package.dependencies]
chardet = ">=3.0.2"

[[package]]
category = "main"
description = "biplist is a library for reading/writing binary plists."
name = "biplist"
optional = false
python-versions = "*"
version = "1.0.3"

[[package]]
category = "main"
description = "The AWS SDK for Python"
name = "boto3"
optional = false
python-versions = "*"
version = "1.9.205"

[package.dependencies]
botocore = ">=1.12.205,<1.13.0"
jmespath = ">=0.7.1,<1.0.0"
s3transfer = ">=0.2.0,<0.3.0"

[[package]]
category = "main"
description = "Low-level, data-driven core of boto 3."
name = "botocore"
optional = false
python-versions = "*"
version = "1.12.205"

[package.dependencies]
docutils = ">=0.10,<0.15"
jmespath = ">=0.7.1,<1.0.0"

[package.dependencies.python-dateutil]
python = ">=2.7"
version = ">=2.1,<3.0.0"

[package.dependencies.urllib3]
python = ">=3.4"
version = ">=1.20,<1.26"

[[package]]
category = "main"
description = "Tools to support converting a Python project into a standalone native application."
name = "briefcase"
optional = false
python-versions = ">=3.5"
version = "0.2.9"

[package.dependencies]
boto3 = ">=1.4.4"
cookiecutter = ">=1.0"
dmgbuild = ">=1.3.2"
pip = ">=18.0"
requests = "<3.0"
setuptools = ">=40.0"
urllib3 = "<1.24"
voc = ">=0.1.1"

[[package]]
category = "main"
description = "Python package for providing Mozilla's CA Bundle."
name = "certifi"
optional = false
python-versions = "*"
version = "2019.6.16"

[[package]]
category = "main"
description = "Universal encoding detector for Python 2 and 3"
name = "chardet"
optional = false
python-versions = "*"
version = "3.0.4"

[[package]]
category = "main"
description = "Composable command line interface toolkit"
name = "click"
optional = false
python-versions = ">=2.7, !=3.0.*, !=3.1.*, !=3.2.*, !=3.3.*"
version = "7.0"

[[package]]
category = "dev"
description = "Cross-platform colored terminal text."
marker = "sys_platform == \"win32\""
name = "colorama"
optional = false
python-versions = ">=2.7, !=3.0.*, !=3.1.*, !=3.2.*, !=3.3.*"
version = "0.4.1"

[[package]]
category = "main"
description = "An independent implementation of the CSS layout algorithm."
marker = "sys_platform == \"darwin\" or sys_platform == \"linux\" or sys_platform == \"win32\""
name = "colosseum"
optional = false
python-versions = ">=3.5"
version = "0.2.0"

[[package]]
category = "main"
description = "A command-line utility that creates projects from project templates, e.g. creating a Python package project from a Python package project template."
name = "cookiecutter"
optional = false
python-versions = "*"
version = "1.6.0"

[package.dependencies]
binaryornot = ">=0.2.0"
click = ">=5.0"
future = ">=0.15.2"
jinja2 = ">=2.7"
jinja2-time = ">=0.1.0"
poyo = ">=0.1.0"
requests = ">=2.18.0"
whichcraft = ">=0.4.0"

[[package]]
category = "main"
description = "macOS command line utility to build disk images"
name = "dmgbuild"
optional = false
python-versions = "*"
version = "1.3.2"

[package.dependencies]
ds_store = ">=1.1.0"
mac_alias = ">=2.0.1"

[[package]]
category = "main"
description = "Docutils -- Python Documentation Utilities"
name = "docutils"
optional = false
python-versions = "*"
version = "0.14"

[[package]]
category = "main"
description = "Manipulate Finder .DS_Store files from Python"
name = "ds-store"
optional = false
python-versions = "*"
version = "1.1.2"

[package.dependencies]
biplist = ">=0.6"
mac_alias = ">=2.0.1"

[[package]]
category = "main"
description = "Clean single-source support for Python 3 and 2"
name = "future"
optional = false
python-versions = ">=2.6, !=3.0.*, !=3.1.*, !=3.2.*"
version = "0.17.1"

[[package]]
category = "main"
description = "Internationalized Domain Names in Applications (IDNA)"
name = "idna"
optional = false
python-versions = ">=2.7, !=3.0.*, !=3.1.*, !=3.2.*, !=3.3.*"
version = "2.8"

[[package]]
category = "dev"
description = "Read metadata from Python packages"
name = "importlib-metadata"
optional = false
python-versions = ">=2.7,!=3.0,!=3.1,!=3.2,!=3.3"
version = "0.19"

[package.dependencies]
zipp = ">=0.5"

[[package]]
category = "main"
description = "A small but fast and easy to use stand-alone template engine written in pure python."
name = "jinja2"
optional = false
python-versions = "*"
version = "2.10.1"

[package.dependencies]
MarkupSafe = ">=0.23"

[[package]]
category = "main"
description = "Jinja2 Extension for Dates and Times"
name = "jinja2-time"
optional = false
python-versions = "*"
version = "0.2.0"

[package.dependencies]
arrow = "*"
jinja2 = "*"

[[package]]
category = "main"
description = "JSON Matching Expressions"
name = "jmespath"
optional = false
python-versions = "*"
version = "0.9.4"

[[package]]
category = "main"
description = "Generate/parse Mac OS Alias records from Python"
name = "mac-alias"
optional = false
python-versions = "*"
version = "2.0.7"

[[package]]
category = "main"
description = "Safely add untrusted strings to HTML/XML markup."
name = "markupsafe"
optional = false
python-versions = ">=2.7,!=3.0.*,!=3.1.*,!=3.2.*,!=3.3.*"
version = "1.1.1"

[[package]]
category = "dev"
description = "More routines for operating on iterables, beyond itertools"
marker = "python_version > \"2.7\""
name = "more-itertools"
optional = false
python-versions = ">=3.4"
version = "7.2.0"

[[package]]
category = "dev"
description = "Core utilities for Python packages"
name = "packaging"
optional = false
python-versions = ">=2.7, !=3.0.*, !=3.1.*, !=3.2.*, !=3.3.*"
version = "19.1"

[package.dependencies]
attrs = "*"
pyparsing = ">=2.0.2"
six = "*"

[[package]]
category = "dev"
description = "Object-oriented filesystem paths"
marker = "python_version < \"3.6\""
name = "pathlib2"
optional = false
python-versions = "*"
version = "2.3.4"

[package.dependencies]
six = "*"

[[package]]
category = "dev"
description = "plugin and hook calling mechanisms for python"
name = "pluggy"
optional = false
python-versions = ">=2.7, !=3.0.*, !=3.1.*, !=3.2.*, !=3.3.*"
version = "0.12.0"

[package.dependencies]
importlib-metadata = ">=0.12"

[[package]]
category = "main"
description = "A lightweight YAML Parser for Python. 🐓"
name = "poyo"
optional = false
python-versions = ">=2.7, !=3.0.*, !=3.1.*, !=3.2.*, !=3.3.*"
version = "0.5.0"

[[package]]
category = "dev"
description = "library with cross-python path, ini-parsing, io, code, log facilities"
name = "py"
optional = false
python-versions = ">=2.7, !=3.0.*, !=3.1.*, !=3.2.*, !=3.3.*"
version = "1.8.0"

[[package]]
category = "dev"
description = "Python parsing module"
name = "pyparsing"
optional = false
python-versions = ">=2.6, !=3.0.*, !=3.1.*, !=3.2.*"
version = "2.4.2"

[[package]]
category = "dev"
description = "pytest: simple powerful testing with Python"
name = "pytest"
optional = false
python-versions = ">=2.7, !=3.0.*, !=3.1.*, !=3.2.*, !=3.3.*"
version = "4.6.5"

[package.dependencies]
atomicwrites = ">=1.0"
attrs = ">=17.4.0"
colorama = "*"
importlib-metadata = ">=0.12"
packaging = "*"
pluggy = ">=0.12,<1.0"
py = ">=1.5.0"
six = ">=1.10.0"
wcwidth = "*"

[package.dependencies.more-itertools]
python = ">=2.8"
version = ">=4.0.0"

[package.dependencies.pathlib2]
python = "<3.6"
version = ">=2.2.0"

[[package]]
category = "main"
description = "Extensions to the standard Python datetime module"
name = "python-dateutil"
optional = false
python-versions = ">=2.7, !=3.0.*, !=3.1.*, !=3.2.*"
version = "2.8.0"

[package.dependencies]
six = ">=1.5"

[[package]]
category = "main"
description = ".Net and Mono integration for Python"
marker = "sys_platform == \"win32\""
name = "pythonnet"
optional = false
python-versions = "*"
version = "2.4.0"

[[package]]
category = "main"
description = "Python HTTP for Humans."
name = "requests"
optional = false
python-versions = ">=2.7, !=3.0.*, !=3.1.*, !=3.2.*, !=3.3.*, !=3.4.*"
version = "2.22.0"

[package.dependencies]
certifi = ">=2017.4.17"
chardet = ">=3.0.2,<3.1.0"
idna = ">=2.5,<2.9"
urllib3 = ">=1.21.1,<1.25.0 || >1.25.0,<1.25.1 || >1.25.1,<1.26"

[[package]]
category = "main"
description = "A bridge between an Objective C runtime environment and Python."
marker = "sys_platform == \"darwin\""
name = "rubicon-objc"
optional = false
python-versions = ">=3.5"
version = "0.3.1"

[[package]]
category = "main"
description = "An Amazon S3 Transfer Manager"
name = "s3transfer"
optional = false
python-versions = "*"
version = "0.2.1"

[package.dependencies]
botocore = ">=1.12.36,<2.0.0"

[[package]]
category = "main"
description = "Python 2 and 3 compatibility utilities"
name = "six"
optional = false
python-versions = ">=2.6, !=3.0.*, !=3.1.*"
version = "1.12.0"

[[package]]
category = "main"
description = "A Python native, OS native GUI toolkit."
name = "toga"
optional = false
python-versions = "*"
version = "0.2.15"

[package.dependencies]
toga-cocoa = "*"
toga-gtk = "*"
toga-winforms = "*"

[[package]]
category = "main"
description = "A Cocoa (macOS) backend for the Toga widget toolkit."
marker = "sys_platform == \"darwin\""
name = "toga-cocoa"
optional = false
python-versions = "*"
version = "0.2.15"

[package.dependencies]
rubicon-objc = ">=0.2.8"
toga-core = ">=0.2.15"

[[package]]
category = "main"
description = "A Python native, OS native GUI toolkit."
marker = "sys_platform == \"darwin\" or sys_platform == \"linux\" or sys_platform == \"win32\""
name = "toga-core"
optional = false
python-versions = "*"
version = "0.2.15"

[package.dependencies]
colosseum = ">=0.1.6"

[[package]]
category = "main"
description = "A GTK+ backend for the Toga widget toolkit."
marker = "sys_platform == \"linux\""
name = "toga-gtk"
optional = false
python-versions = "*"
version = "0.2.15"

[package.dependencies]
toga-core = ">=0.2.15"

[[package]]
category = "main"
description = "A Microsoft .Net backend for the Toga widget toolkit using the WinForms API."
marker = "sys_platform == \"win32\""
name = "toga-winforms"
optional = false
python-versions = "*"
version = "0.2.15"

[package.dependencies]
pythonnet = "*"
toga-core = ">=0.2.15"

[[package]]
category = "main"
description = "HTTP library with thread-safe connection pooling, file post, and more."
name = "urllib3"
optional = false
python-versions = ">=2.6, !=3.0.*, !=3.1.*, !=3.2.*, !=3.3.*, <4"
version = "1.23"

[[package]]
category = "main"
description = "Tools to convert Python code into Java bytecode."
name = "voc"
optional = false
python-versions = ">=3.4"
version = "0.1.6"

[[package]]
category = "dev"
description = "Measures number of Terminal column cells of wide-character codes"
name = "wcwidth"
optional = false
python-versions = "*"
version = "0.1.7"

[[package]]
category = "main"
description = "This package provides cross-platform cross-python shutil.which functionality."
name = "whichcraft"
optional = false
python-versions = "*"
version = "0.6.0"

[[package]]
category = "dev"
description = "Backport of pathlib-compatible object wrapper for zip files"
name = "zipp"
optional = false
python-versions = ">=2.7"
version = "0.5.2"

[metadata]
content-hash = "8724534f565d4c0fb46e2877ccda7f6644ecc3cdc5a327f4ae4cf171512184a7"
python-versions = "^3.5.2"

[metadata.hashes]
arrow = ["0186026cfd94ca4fb773f30cc5398289a3027480d335e0e5c0d2772643763137", "a12de0124d812d15061ed36c7eb4a421fa1b95026a502a0b2062e9ea00fc4446"]
atomicwrites = ["03472c30eb2c5d1ba9227e4c2ca66ab8287fbfbbda3888aa93dc2e28fc6811b4", "75a9445bac02d8d058d5e1fe689654ba5a6556a1dfd8ce6ec55a0ed79866cfa6"]
attrs = ["69c0dbf2ed392de1cb5ec704444b08a5ef81680a61cb899dc08127123af36a79", "f0b870f674851ecbfbbbd364d6b5cbdff9dcedbc7f3f5e18a6891057f21fe399"]
binaryornot = ["359501dfc9d40632edc9fac890e19542db1a287bbcfa58175b66658392018061", "b8b71173c917bddcd2c16070412e369c3ed7f0528926f70cac18a6c97fd563e4"]
biplist = ["4c0549764c5fe50b28042ec21aa2e14fe1a2224e239a1dae77d9e7f3932aa4c6"]
boto3 = ["19a77d8ecb05d87123e88a65cba49cdbc8c66717ced21c2093a6f091492c22da", "e184590781c127358c2d9ae1eab6607441d92fbddd88ba08b891b8c14d0bbfff"]
botocore = ["0d6290f725a69a5950785fb058c2405e438674011eff7c11ce192b561b3c9aa6", "e9452a8e48aea82157e846eb8ec2e8e57f52366ba3362ec5128ecff2c8b52e2f"]
briefcase = ["175c11f1cfd15d7753af3488330addd9ee8f518dc4dfbfb9407eec7be921dcc5", "b0c2423dedfa00b47dec91d4f9d4e5725098a8e6104dfd5b8586ddca256b7ebb"]
certifi = ["046832c04d4e752f37383b628bc601a7ea7211496b4638f6514d0e5b9acc4939", "945e3ba63a0b9f577b1395204e13c3a231f9bc0223888be653286534e5873695"]
chardet = ["84ab92ed1c4d4f16916e05906b6b75a6c0fb5db821cc65e70cbd64a3e2a5eaae", "fc323ffcaeaed0e0a02bf4d117757b98aed530d9ed4531e3e15460124c106691"]
click = ["2335065e6395b9e67ca716de5f7526736bfa6ceead690adf616d925bdc622b13", "5b94b49521f6456670fdb30cd82a4eca9412788a93fa6dd6df72c94d5a8ff2d7"]
colorama = ["05eed71e2e327246ad6b38c540c4a3117230b19679b875190486ddd2d721422d", "f8ac84de7840f5b9c4e3347b3c1eaa50f7e49c2b07596221daec5edaabbd7c48"]
colosseum = ["0dc7d44dccfc7ea6948530a7c6fcc8685f3d0c51ee80a884f201329bacb1ecb3", "18f90132d9a05cd96f3b3bb4bc1b3b176596d3c8df34816773c6eae1436e3cd4"]
cookiecutter = ["1316a52e1c1f08db0c9efbf7d876dbc01463a74b155a0d83e722be88beda9a3e", "ed8f54a8fc79b6864020d773ce11539b5f08e4617f353de1f22d23226f6a0d36"]
dmgbuild = ["abc5d32cfc31e1585adba7920c4258c9dc3034d14196fc03e86dbe9ebce5b985"]
docutils = ["02aec4bd92ab067f6ff27a38a38a41173bf01bed8f89157768c1573f53e474a6", "51e64ef2ebfb29cae1faa133b3710143496eca21c530f3f71424d77687764274", "7a4bd47eaf6596e1295ecb11361139febe29b084a87bf005bf899f9a42edc3c6"]
ds-store = ["f569659cfd66b21273c5a2405d5e1e0f54fddebf627130329f01404f271a074c"]
future = ["67045236dcfd6816dc439556d009594abf643e5eb48992e36beac09c2ca659b8"]
idna = ["c357b3f628cf53ae2c4c05627ecc484553142ca23264e593d327bcde5e9c3407", "ea8b7f6188e6fa117537c3df7da9fc686d485087abf6ac197f9c46432f7e4a3c"]
importlib-metadata = ["23d3d873e008a513952355379d93cbcab874c58f4f034ff657c7a87422fa64e8", "80d2de76188eabfbfcf27e6a37342c2827801e59c4cc14b0371c56fed43820e3"]
jinja2 = ["065c4f02ebe7f7cf559e49ee5a95fb800a9e4528727aec6f24402a5374c65013", "14dd6caf1527abb21f08f86c784eac40853ba93edb79552aa1e4b8aef1b61c7b"]
jinja2-time = ["d14eaa4d315e7688daa4969f616f226614350c48730bfa1692d2caebd8c90d40", "d3eab6605e3ec8b7a0863df09cc1d23714908fa61aa6986a845c20ba488b4efa"]
jmespath = ["3720a4b1bd659dd2eecad0666459b9788813e032b83e7ba58578e48254e0a0e6", "bde2aef6f44302dfb30320115b17d030798de8c4110e28d5cf6cf91a7a31074c"]
mac-alias = ["c485e3eb9d600208cc0aa906282f0d575a535395306289bcdb4096599189e223"]
markupsafe = ["00bc623926325b26bb9605ae9eae8a215691f33cae5df11ca5424f06f2d1f473", "09027a7803a62ca78792ad89403b1b7a73a01c8cb65909cd876f7fcebd79b161", "09c4b7f37d6c648cb13f9230d847adf22f8171b1ccc4d5682398e77f40309235", "1027c282dad077d0bae18be6794e6b6b8c91d58ed8a8d89a89d59693b9131db5", "24982cc2533820871eba85ba648cd53d8623687ff11cbb805be4ff7b4c971aff", "29872e92839765e546828bb7754a68c418d927cd064fd4708fab9fe9c8bb116b", "43a55c2930bbc139570ac2452adf3d70cdbb3cfe5912c71cdce1c2c6bbd9c5d1", "46c99d2de99945ec5cb54f23c8cd5689f6d7177305ebff350a58ce5f8de1669e", "500d4957e52ddc3351cabf489e79c91c17f6e0899158447047588650b5e69183", "535f6fc4d397c1563d08b88e485c3496cf5784e927af890fb3c3aac7f933ec66", "62fe6c95e3ec8a7fad637b7f3d372c15ec1caa01ab47926cfdf7a75b40e0eac1", "6dd73240d2af64df90aa7c4e7481e23825ea70af4b4922f8ede5b9e35f78a3b1", "717ba8fe3ae9cc0006d7c451f0bb265ee07739daf76355d06366154ee68d221e", "79855e1c5b8da654cf486b830bd42c06e8780cea587384cf6545b7d9ac013a0b", "7c1699dfe0cf8ff607dbdcc1e9b9af1755371f92a68f706051cc8c37d447c905", "88e5fcfb52ee7b911e8bb6d6aa2fd21fbecc674eadd44118a9cc3863f938e735", "8defac2f2ccd6805ebf65f5eeb132adcf2ab57aa11fdf4c0dd5169a004710e7d", "98c7086708b163d425c67c7a91bad6e466bb99d797aa64f965e9d25c12111a5e", "9add70b36c5666a2ed02b43b335fe19002ee5235efd4b8a89bfcf9005bebac0d", "9bf40443012702a1d2070043cb6291650a0841ece432556f784f004937f0f32c", "ade5e387d2ad0d7ebf59146cc00c8044acbd863725f887353a10df825fc8ae21", "b00c1de48212e4cc9603895652c5c410df699856a2853135b3967591e4beebc2", "b1282f8c00509d99fef04d8ba936b156d419be841854fe901d8ae224c59f0be5", "b2051432115498d3562c084a49bba65d97cf251f5a331c64a12ee7e04dacc51b", "ba59edeaa2fc6114428f1637ffff42da1e311e29382d81b339c1817d37ec93c6", "c8716a48d94b06bb3b2524c2b77e055fb313aeb4ea620c8dd03a105574ba704f", "cd5df75523866410809ca100dc9681e301e3c27567cf498077e8551b6d20e42f", "e249096428b3ae81b08327a63a485ad0878de3fb939049038579ac0ef61e17e7"]
more-itertools = ["409cd48d4db7052af495b09dec721011634af3753ae1ef92d2b32f73a745f832", "92b8c4b06dac4f0611c0729b2f2ede52b2e1bac1ab48f089c7ddc12e26bb60c4"]
packaging = ["a7ac867b97fdc07ee80a8058fe4435ccd274ecc3b0ed61d852d7d53055528cf9", "c491ca87294da7cc01902edbe30a5bc6c4c28172b5138ab4e4aa1b9d7bfaeafe"]
pathlib2 = ["2156525d6576d21c4dcaddfa427fae887ef89a7a9de5cbfe0728b3aafa78427e", "446014523bb9be5c28128c4d2a10ad6bb60769e78bd85658fe44a450674e0ef8"]
pluggy = ["0825a152ac059776623854c1543d65a4ad408eb3d33ee114dff91e57ec6ae6fc", "b9817417e95936bf75d85d3f8767f7df6cdde751fc40aed3bb3074cbcb77757c"]
poyo = ["3e2ca8e33fdc3c411cd101ca395668395dd5dc7ac775b8e809e3def9f9fe041a", "e26956aa780c45f011ca9886f044590e2d8fd8b61db7b1c1cf4e0869f48ed4dd"]
py = ["64f65755aee5b381cea27766a3a147c3f15b9b6b9ac88676de66ba2ae36793fa", "dc639b046a6e2cff5bbe40194ad65936d6ba360b52b3c3fe1d08a82dd50b5e53"]
pyparsing = ["6f98a7b9397e206d78cc01df10131398f1c8b8510a2f4d97d9abd82e1aacdd80", "d9338df12903bbf5d65a0e4e87c2161968b10d2e489652bb47001d82a9b028b4"]
pytest = ["8fc39199bdda3d9d025d3b1f4eb99a192c20828030ea7c9a0d2840721de7d347", "d100a02770f665f5dcf7e3f08202db29857fee6d15f34c942be0a511f39814f0"]
python-dateutil = ["7e6584c74aeed623791615e26efd690f29817a27c73085b78e4bad02493df2fb", "c89805f6f4d64db21ed966fda138f8a5ed7a4fdbc1a8ee329ce1b74e3c74da9e"]
pythonnet = ["0bc4dfe352ab97ee6f00f13ff5b70ce5ba67576913a523cc4ec6e3fdaadf83fd", "1e380e7735b047258da469e36e122d1e0a13f79b4b4902b852a0dc626c0ceb0a", "38fdb7f5f2e1889175b7d88c64adc902e537d7d646cdc88ee7c0389bb1fdfd34", "6483dba7db4053da0cb4fdfa3580fed34623ac9100c3d0ce90e7688dc5d3ac47", "7be226daafc2d40b30cb80a16e298460bd68f3484d8c7fce1ff82f4f35cda321", "878e27a1a34ebf6b7a160abd1269d75a4fbebf5323e02679ed8226c0ad5fbf10", "a3a38e67fdfcda94df51c805343150016097f284771156f76839a9c3a24c90a9", "e1b3f5d87996302557d876c582590438f71ffe6b7076e79865c6afd57adf476c", "f16af543895fbaadfc593b9c436bf1a2c0e32329f80401aefc316a52e8f9bd18"]
requests = ["11e007a8a2aa0323f5a921e9e6a2d7e4e67d9877e85773fba9ba6419025cbeb4", "9cf5292fcd0f598c671cfc1e0d7d1a7f13bb8085e9a590f48c010551dc6c4b31"]
rubicon-objc = ["4d74732edca4059e22cdaf04806c22f8535ef2de2bc16fe085c3748fd757b5a1", "51d19a274f438e004e8a4c39b2e4067d287e79eff80bde582f6b00855e25b345"]
s3transfer = ["6efc926738a3cd576c2a79725fed9afde92378aa5c6a957e3af010cb019fac9d", "b780f2411b824cb541dbcd2c713d0cb61c7d1bcadae204cdddda2b35cef493ba"]
six = ["3350809f0555b11f552448330d0b52d5f24c91a322ea4a15ef22629740f3761c", "d16a0141ec1a18405cd4ce8b4613101da75da0e9a7aec5bdd4fa804d0e0eba73"]
toga = ["8cd2b2a084998ea28b96a34315a86abdbe596958acfe721f8fe1520645060620", "e96ca2ccb1322ee22fdc93ae3d1614f14b1148dcdd7fbca28a36f097ed1b3dfa"]
toga-cocoa = ["5b4e3a6dfa937a91aeb9f38d4c0de56ee8e4d19eb3603390795ff2b9ee3cd0dd", "5e5f6461582abf8cfecad8d3cdc47423dd4f6c4e4ee78b1f349b5018e590b2f3"]
toga-core = ["3db121db88a8ea44c271ed33c6561fd4522ebef267865300f966663ad72f4049", "d579901465a98b295fcf7cc47e23d769c71e27d1d993271fed2e6403645d3550"]
toga-gtk = ["a5b8bcff69a8e30fae054163310d010b5aeaf7dc57ac4dabe4c572dc5c4fb321", "ec585736a4331013ab72c3fdc08d00af398e23aadf93ad79271e283e4de719f1"]
toga-winforms = ["067526db09fa0968d8032a757d6678e61968d05bf45ae956b1bdaf48beab3788", "af19cb89cc4791a9b16aff4b195cfd810bc760a0bd48ef4564eae355d2e02401"]
urllib3 = ["a68ac5e15e76e7e5dd2b8f94007233e01effe3e50e8daddf69acfd81cb686baf", "b5725a0bd4ba422ab0e66e89e030c806576753ea3ee08554382c14e685d117b5"]
voc = ["26334892f6b9ffddf2a4eb066973af43d1d613b78365b748d73cad52a902ed22", "b4ef6efaca41aa26c387d30ccdecdbe5b547fd75bc4a1a19ca100b51bb19a69f"]
wcwidth = ["3df37372226d6e63e1b1e1eda15c594bca98a22d33a23832a90998faa96bc65e", "f4ebe71925af7b40a864553f761ed559b43544f8f71746c2d756c7fe788ade7c"]
whichcraft = ["0acf1d3aebb5ab16243edbf818024ce21938f06150563041665a23b33eb11dd8", "d54caa14cc3f7b1d2276f8753fd05f1dc5a554df6f83a36c5c2a551e81de2498"]
zipp = ["4970c3758f4e89a7857a973b1e2a5d75bcdc47794442f2e2dd4fe8e0466e809a", "8a5712cfd3bb4248015eb3b0b3c54a5f6ee3f2425963ef2a0125b8bc40aafaec"]
